// !$*UTF8*$!
{
	archiveVersion = 1;
	classes = {
	};
	objectVersion = 46;
	objects = {

/* Begin PBXFileReference section */
		B8740CBD19785B1B00B98B8D /* ru */ = {isa = PBXFileReference; lastKnownFileType = text.plist.strings; name = ru; path = ru.lproj/FileBrowser.strings; sourceTree = "<group>"; };
		B8740CBE19785B1B00B98B8D /* ru */ = {isa = PBXFileReference; lastKnownFileType = text.plist.strings; lineEnding = 0; name = ru; path = ru.lproj/MainStoryboard.strings; sourceTree = "<group>"; xcLanguageSpecificationIdentifier = xcode.lang.simpleColoring; };
		B8740CC119785B1C00B98B8D /* ru */ = {isa = PBXFileReference; lastKnownFileType = text.plist.strings; lineEnding = 0; name = ru; path = ru.lproj/Localizable.strings; sourceTree = "<group>"; xcLanguageSpecificationIdentifier = xcode.lang.simpleColoring; };
		CA39199D19E3333300603596 /* Base */ = {isa = PBXFileReference; lastKnownFileType = file.storyboard; name = Base; path = Base.lproj/SafariAction.storyboard; sourceTree = "<group>"; };
		CA39199F19E3333300603596 /* Base */ = {isa = PBXFileReference; lastKnownFileType = file.storyboard; name = Base; path = Base.lproj/Widget.storyboard; sourceTree = "<group>"; };
		CA3919A119E3333800603596 /* de */ = {isa = PBXFileReference; lastKnownFileType = text.plist.strings; name = de; path = de.lproj/SafariAction.strings; sourceTree = "<group>"; };
		CA3919A319E3333A00603596 /* ru */ = {isa = PBXFileReference; lastKnownFileType = text.plist.strings; name = ru; path = ru.lproj/SafariAction.strings; sourceTree = "<group>"; };
		CA3919A519E3333E00603596 /* de */ = {isa = PBXFileReference; lastKnownFileType = text.plist.strings; name = de; path = de.lproj/Widget.strings; sourceTree = "<group>"; };
		CA3919A719E3333F00603596 /* ru */ = {isa = PBXFileReference; lastKnownFileType = text.plist.strings; name = ru; path = ru.lproj/Widget.strings; sourceTree = "<group>"; };
		CA3919A919E3341B00603596 /* de */ = {isa = PBXFileReference; lastKnownFileType = text.plist.strings; name = de; path = de.lproj/SafariActionLocalizable.strings; sourceTree = "<group>"; };
		CA3919AB19E3341B00603596 /* de */ = {isa = PBXFileReference; lastKnownFileType = text.plist.strings; name = de; path = de.lproj/WidgetLocalizable.strings; sourceTree = "<group>"; };
		CA3919AC19E3342400603596 /* ru */ = {isa = PBXFileReference; lastKnownFileType = text.plist.strings; name = ru; path = ru.lproj/WidgetLocalizable.strings; sourceTree = "<group>"; };
		CA3919AD19E3342700603596 /* ru */ = {isa = PBXFileReference; lastKnownFileType = text.plist.strings; name = ru; path = ru.lproj/SafariActionLocalizable.strings; sourceTree = "<group>"; };
		CA546DCB19BA491D005DAC10 /* Base */ = {isa = PBXFileReference; lastKnownFileType = file.storyboard; name = Base; path = Base.lproj/Password.storyboard; sourceTree = "<group>"; };
		CA546DCC19BA492C005DAC10 /* de */ = {isa = PBXFileReference; lastKnownFileType = text.plist.strings; name = de; path = de.lproj/Password.strings; sourceTree = "<group>"; };
		CA546DCD19BA492F005DAC10 /* ru */ = {isa = PBXFileReference; lastKnownFileType = text.plist.strings; name = ru; path = ru.lproj/Password.strings; sourceTree = "<group>"; };
		CAA308B719E3D929000263CE /* de */ = {isa = PBXFileReference; lastKnownFileType = text.plist.strings; name = de; path = de.lproj/Keyboard.strings; sourceTree = "<group>"; };
		CAA308B819E3D92C000263CE /* ru */ = {isa = PBXFileReference; lastKnownFileType = text.plist.strings; name = ru; path = ru.lproj/Keyboard.strings; sourceTree = "<group>"; };
		CAB937DD197675A50050BDB8 /* Base */ = {isa = PBXFileReference; lastKnownFileType = file.storyboard; name = Base; path = Base.lproj/FileBrowser.storyboard; sourceTree = "<group>"; };
		CAB937DF197675A50050BDB8 /* Base */ = {isa = PBXFileReference; lastKnownFileType = file.storyboard; name = Base; path = Base.lproj/MainStoryboard.storyboard; sourceTree = "<group>"; };
		CAB937E2197675CC0050BDB8 /* de */ = {isa = PBXFileReference; lastKnownFileType = text.plist.strings; name = de; path = de.lproj/FileBrowser.strings; sourceTree = "<group>"; };
		CAB937E3197675D10050BDB8 /* de */ = {isa = PBXFileReference; lastKnownFileType = text.plist.strings; name = de; path = de.lproj/MainStoryboard.strings; sourceTree = "<group>"; };
		CAB937E9197675F80050BDB8 /* de */ = {isa = PBXFileReference; lastKnownFileType = text.plist.strings; lineEnding = 0; name = de; path = de.lproj/Localizable.strings; sourceTree = "<group>"; xcLanguageSpecificationIdentifier = xcode.lang.simpleColoring; };
/* End PBXFileReference section */

/* Begin PBXGroup section */
		CA3919AE19E3343A00603596 /* Main Application */ = {
			isa = PBXGroup;
			children = (
				CAB937DE197675A50050BDB8 /* MainStoryboard.storyboard */,
				CAB937DC197675A50050BDB8 /* FileBrowser.storyboard */,
				CA546DCA19BA491D005DAC10 /* Password.storyboard */,
				CAB937E7197675F40050BDB8 /* Localizable.strings */,
			);
			name = "Main Application";
			sourceTree = "<group>";
		};
		CA3919AF19E3344700603596 /* Widget */ = {
			isa = PBXGroup;
			children = (
				CA39199E19E3333300603596 /* Widget.storyboard */,
				CA3919AA19E3341B00603596 /* WidgetLocalizable.strings */,
			);
			name = Widget;
			sourceTree = "<group>";
		};
		CA3919B019E3344C00603596 /* Safari Action */ = {
			isa = PBXGroup;
			children = (
				CA39199C19E3333300603596 /* SafariAction.storyboard */,
				CA3919A819E3341B00603596 /* SafariActionLocalizable.strings */,
			);
			name = "Safari Action";
			sourceTree = "<group>";
		};
		CAA308B519E3D905000263CE /* Keyboard */ = {
			isa = PBXGroup;
			children = (
				CAA308B619E3D929000263CE /* Keyboard.strings */,
			);
			name = Keyboard;
			sourceTree = "<group>";
		};
		CAB937B71976755B0050BDB8 = {
			isa = PBXGroup;
			children = (
				CA3919AE19E3343A00603596 /* Main Application */,
				CA3919AF19E3344700603596 /* Widget */,
				CA3919B019E3344C00603596 /* Safari Action */,
				CAA308B519E3D905000263CE /* Keyboard */,
			);
			sourceTree = "<group>";
		};
/* End PBXGroup section */

/* Begin PBXProject section */
		CAB937B81976755B0050BDB8 /* Project object */ = {
			isa = PBXProject;
			attributes = {
				LastUpgradeCheck = 0600;
			};
			buildConfigurationList = CAB937BB1976755B0050BDB8 /* Build configuration list for PBXProject "OTPAuth-Localizations" */;
			compatibilityVersion = "Xcode 3.2";
			developmentRegion = English;
			hasScannedForEncodings = 0;
			knownRegions = (
				en,
				Base,
				de,
				ru,
			);
			mainGroup = CAB937B71976755B0050BDB8;
			projectDirPath = "";
			projectRoot = "";
			targets = (
			);
		};
/* End PBXProject section */

/* Begin PBXVariantGroup section */
		CA39199C19E3333300603596 /* SafariAction.storyboard */ = {
			isa = PBXVariantGroup;
			children = (
				CA39199D19E3333300603596 /* Base */,
				CA3919A119E3333800603596 /* de */,
				CA3919A319E3333A00603596 /* ru */,
			);
			name = SafariAction.storyboard;
			sourceTree = "<group>";
		};
		CA39199E19E3333300603596 /* Widget.storyboard */ = {
			isa = PBXVariantGroup;
			children = (
				CA39199F19E3333300603596 /* Base */,
				CA3919A519E3333E00603596 /* de */,
				CA3919A719E3333F00603596 /* ru */,
			);
			name = Widget.storyboard;
			sourceTree = "<group>";
		};
		CA3919A819E3341B00603596 /* SafariActionLocalizable.strings */ = {
			isa = PBXVariantGroup;
			children = (
				CA3919A919E3341B00603596 /* de */,
				CA3919AD19E3342700603596 /* ru */,
			);
			name = SafariActionLocalizable.strings;
			sourceTree = "<group>";
		};
		CA3919AA19E3341B00603596 /* WidgetLocalizable.strings */ = {
			isa = PBXVariantGroup;
			children = (
				CA3919AB19E3341B00603596 /* de */,
				CA3919AC19E3342400603596 /* ru */,
			);
			name = WidgetLocalizable.strings;
			sourceTree = "<group>";
		};
		CA546DCA19BA491D005DAC10 /* Password.storyboard */ = {
			isa = PBXVariantGroup;
			children = (
				CA546DCB19BA491D005DAC10 /* Base */,
				CA546DCC19BA492C005DAC10 /* de */,
				CA546DCD19BA492F005DAC10 /* ru */,
			);
			name = Password.storyboard;
			sourceTree = "<group>";
		};
		CAA308B619E3D929000263CE /* Keyboard.strings */ = {
			isa = PBXVariantGroup;
			children = (
				CAA308B719E3D929000263CE /* de */,
				CAA308B819E3D92C000263CE /* ru */,
			);
			name = Keyboard.strings;
			sourceTree = "<group>";
		};
		CAB937DC197675A50050BDB8 /* FileBrowser.storyboard */ = {
			isa = PBXVariantGroup;
			children = (
				CAB937DD197675A50050BDB8 /* Base */,
				CAB937E2197675CC0050BDB8 /* de */,
				B8740CBD19785B1B00B98B8D /* ru */,
			);
			name = FileBrowser.storyboard;
			sourceTree = "<group>";
		};
		CAB937DE197675A50050BDB8 /* MainStoryboard.storyboard */ = {
			isa = PBXVariantGroup;
			children = (
				CAB937DF197675A50050BDB8 /* Base */,
				CAB937E3197675D10050BDB8 /* de */,
				B8740CBE19785B1B00B98B8D /* ru */,
			);
			name = MainStoryboard.storyboard;
			sourceTree = "<group>";
		};
		CAB937E7197675F40050BDB8 /* Localizable.strings */ = {
			isa = PBXVariantGroup;
			children = (
				CAB937E9197675F80050BDB8 /* de */,
				B8740CC119785B1C00B98B8D /* ru */,
			);
			name = Localizable.strings;
			sourceTree = "<group>";
		};
/* End PBXVariantGroup section */

/* Begin XCBuildConfiguration section */
		CAB937BC1976755B0050BDB8 /* Debug */ = {
			isa = XCBuildConfiguration;
			buildSettings = {
				ONLY_ACTIVE_ARCH = YES;
			};
			name = Debug;
		};
		CAB937BD1976755B0050BDB8 /* Release */ = {
			isa = XCBuildConfiguration;
			buildSettings = {
			};
			name = Release;
		};
/* End XCBuildConfiguration section */

/* Begin XCConfigurationList section */
		CAB937BB1976755B0050BDB8 /* Build configuration list for PBXProject "OTPAuth-Localizations" */ = {
			isa = XCConfigurationList;
			buildConfigurations = (
				CAB937BC1976755B0050BDB8 /* Debug */,
				CAB937BD1976755B0050BDB8 /* Release */,
			);
			defaultConfigurationIsVisible = 0;
			defaultConfigurationName = Release;
		};
/* End XCConfigurationList section */
	};
	rootObject = CAB937B81976755B0050BDB8 /* Project object */;
}
